
Microsoft Visual Studio Solution File, Format Version 12.00
# Visual Studio Version 16
VisualStudioVersion = 16.0.29609.76
MinimumVisualStudioVersion = 10.0.40219.1
Project("{FAE04EC0-301F-11D3-BF4B-00C04F79EFBC}") = "RangesAndIndicesSamples", "RangesAndIndicesSamples\RangesAndIndicesSamples.csproj", "{DD81A28E-B869-412E-B943-9A94245C497D}"
EndProject
Global
	GlobalSection(SolutionConfigurationPlatforms) = preSolution
		Debug|Any CPU = Debug|Any CPU
		Release|Any CPU = Release|Any CPU
	EndGlobalSection
	GlobalSection(ProjectConfigurationPlatforms) = postSolution
		{DD81A28E-B869-412E-B943-9A94245C497D}.Debug|Any CPU.ActiveCfg = Debug|Any CPU
		{DD81A28E-B869-412E-B943-9A94245C497D}.Debug|Any CPU.Build.0 = Debug|Any CPU
		{DD81A28E-B869-412E-B943-9A94245C497D}.Release|Any CPU.ActiveCfg = Release|Any CPU
		{DD81A28E-B869-412E-B943-9A94245C497D}.Release|Any CPU.Build.0 = Release|Any CPU
	EndGlobalSection
	GlobalSection(SolutionProperties) = preSolution
		HideSolutionNode = FALSE
	EndGlobalSection
	GlobalSection(ExtensibilityGlobals) = postSolution
		SolutionGuid = {ACC8F545-65D2-4AB3-A349-31896B9DA721}
	EndGlobalSection
EndGlobal
